
Microsoft Visual Studio Solution File, Format Version 12.00
# Visual Studio 15
VisualStudioVersion = 15.0.28307.1927
MinimumVisualStudioVersion = 10.0.40219.1
Project("{F184B08F-C81C-45F6-A57F-5ABD9991F28F}") = "NUTEC", "NUTEC\NUTEC.vbproj", "{638DCE51-593D-46A5-AA80-0E4B7C0298C5}"
EndProject
Project("{FAE04EC0-301F-11D3-BF4B-00C04F79EFBC}") = "NUTENC_CS", "NUTENC_CS\NUTENC_CS.csproj", "{45F1A575-D5A6-47D4-A0CA-1658D27F8798}"
EndProject
Global
	GlobalSection(SolutionConfigurationPlatforms) = preSolution
		Debug|Any CPU = Debug|Any CPU
		Release|Any CPU = Release|Any CPU
	EndGlobalSection
	GlobalSection(ProjectConfigurationPlatforms) = postSolution
		{638DCE51-593D-46A5-AA80-0E4B7C0298C5}.Debug|Any CPU.ActiveCfg = Debug|Any CPU
		{638DCE51-593D-46A5-AA80-0E4B7C0298C5}.Debug|Any CPU.Build.0 = Debug|Any CPU
		{638DCE51-593D-46A5-AA80-0E4B7C0298C5}.Release|Any CPU.ActiveCfg = Release|Any CPU
		{638DCE51-593D-46A5-AA80-0E4B7C0298C5}.Release|Any CPU.Build.0 = Release|Any CPU
		{45F1A575-D5A6-47D4-A0CA-1658D27F8798}.Debug|Any CPU.ActiveCfg = Debug|Any CPU
		{45F1A575-D5A6-47D4-A0CA-1658D27F8798}.Debug|Any CPU.Build.0 = Debug|Any CPU
		{45F1A575-D5A6-47D4-A0CA-1658D27F8798}.Release|Any CPU.ActiveCfg = Release|Any CPU
		{45F1A575-D5A6-47D4-A0CA-1658D27F8798}.Release|Any CPU.Build.0 = Release|Any CPU
	EndGlobalSection
	GlobalSection(SolutionProperties) = preSolution
		HideSolutionNode = FALSE
	EndGlobalSection
	GlobalSection(ExtensibilityGlobals) = postSolution
		SolutionGuid = {D18CFD1E-C3D2-4D47-8DBC-D04B0C9E13CD}
	EndGlobalSection
EndGlobal
